
Microsoft Visual Studio Solution File, Format Version 12.00
# Visual Studio 15
VisualStudioVersion = 15.0.28307.1000
MinimumVisualStudioVersion = 10.0.40219.1
Project("{FAE04EC0-301F-11D3-BF4B-00C04F79EFBC}") = "galaxyGeoloc", "galaxyGeoloc\galaxyGeoloc.csproj", "{32DD3541-6E27-4461-8575-05A28C343DA1}"
EndProject
Global
	GlobalSection(SolutionConfigurationPlatforms) = preSolution
		Debug|Any CPU = Debug|Any CPU
		Release|Any CPU = Release|Any CPU
	EndGlobalSection
	GlobalSection(ProjectConfigurationPlatforms) = postSolution
		{32DD3541-6E27-4461-8575-05A28C343DA1}.Debug|Any CPU.ActiveCfg = Debug|Any CPU
		{32DD3541-6E27-4461-8575-05A28C343DA1}.Debug|Any CPU.Build.0 = Debug|Any CPU
		{32DD3541-6E27-4461-8575-05A28C343DA1}.Release|Any CPU.ActiveCfg = Release|Any CPU
		{32DD3541-6E27-4461-8575-05A28C343DA1}.Release|Any CPU.Build.0 = Release|Any CPU
	EndGlobalSection
	GlobalSection(SolutionProperties) = preSolution
		HideSolutionNode = FALSE
	EndGlobalSection
	GlobalSection(ExtensibilityGlobals) = postSolution
		SolutionGuid = {2B662B3D-E2D7-4823-B446-AB02EB61CBC8}
	EndGlobalSection
EndGlobal
